PODS:
  - FaveButton (2.0.3)
  - Firebase (3.14.0):
    - Firebase/Core (= 3.14.0)
  - Firebase/Auth (3.14.0):
    - Firebase/Core
    - FirebaseAuth (= 3.1.1)
  - Firebase/Core (3.14.0):
    - FirebaseAnalytics (= 3.7.0)
    - FirebaseCore (= 3.5.1)
  - Firebase/Database (3.14.0):
    - Firebase/Core
    - FirebaseDatabase (= 3.1.2)
  - Firebase/Storage (3.14.0):
    - Firebase/Core
    - FirebaseStorage (= 1.1.0)
  - FirebaseAnalytics (3.7.0):
    - FirebaseCore (~> 3.5)
    - FirebaseInstanceID (~> 1.0)
    - GoogleToolboxForMac/NSData+zlib (~> 2.1)
  - FirebaseAuth (3.1.1):
    - FirebaseAnalytics (~> 3.7)
    - GoogleToolboxForMac/NSDictionary+URLArguments (~> 2.1)
    - GTMSessionFetcher/Core (~> 1.1)
  - FirebaseCore (3.5.1):
    - GoogleToolboxForMac/NSData+zlib (~> 2.1)
  - FirebaseDatabase (3.1.2):
    - FirebaseAnalytics (~> 3.7)
  - FirebaseInstanceID (1.0.9)
  - FirebaseStorage (1.1.0):
    - FirebaseAnalytics (~> 3.7)
    - GTMSessionFetcher/Core (~> 1.1)
  - GoogleToolboxForMac/DebugUtils (2.1.1):
    - GoogleToolboxForMac/Defines (= 2.1.1)
  - GoogleToolboxForMac/Defines (2.1.1)
  - GoogleToolboxForMac/NSData+zlib (2.1.1):
    - GoogleToolboxForMac/Defines (= 2.1.1)
  - GoogleToolboxForMac/NSDictionary+URLArguments (2.1.1):
    - GoogleToolboxForMac/DebugUtils (= 2.1.1)
    - GoogleToolboxForMac/Defines (= 2.1.1)
    - GoogleToolboxForMac/NSString+URLArguments (= 2.1.1)
  - GoogleToolboxForMac/NSString+URLArguments (2.1.1)
  - GTMSessionFetcher/Core (1.1.8)
  - Hue (2.0.1)
  - ImagePicker (2.0.0)
  - Lightbox (1.0.0):
    - Hue

DEPENDENCIES:
  - FaveButton (~> 2.0.3)
  - Firebase
  - Firebase/Auth
  - Firebase/Core
  - Firebase/Database
  - Firebase/Storage
  - ImagePicker
  - Lightbox

SPEC CHECKSUMS:
  FaveButton: cfcbc5e73da159c4f916613da5687357b5bb4783
  Firebase: 85a581fb04e44f63ae9f4fbc8d6dabf4a4c18653
  FirebaseAnalytics: 0d1b7d81d5021155be37702a94ba1ec16d45365d
  FirebaseAuth: cc8a1824170adbd351edb7f994490a3fb5c18be6
  FirebaseCore: 225d40532489835a034b8f4e2c9c87fbf4f615a2
  FirebaseDatabase: 05c96d7b43a7368dc91c07791adb49683e1738d1
  FirebaseInstanceID: 2d0518b1378fe9d685ef40cbdd63d2fdc1125339
  FirebaseStorage: a5c55b23741a49a72af8f30f95b3bb5ddbeda12d
  GoogleToolboxForMac: 8e329f1b599f2512c6b10676d45736bcc2cbbeb0
  GTMSessionFetcher: 6f8d8b28b7e345549ac471071608170b31cb4977
  Hue: 354caec055fdc9d38b5ef33ca2e7224721843baf
  ImagePicker: 81175d36c2852cb543cb4f5d6c19e28f3e8d90eb
  Lightbox: 13f55a0a840f7945dc5ac87931564e7fe569fca9

PODFILE CHECKSUM: 966d8aa5c56c5097d76f70288bb82807ea3966d5

COCOAPODS: 1.2.0
