// !$*UTF8*$!
{
	archiveVersion = 1;
	classes = {
	};
	objectVersion = 46;
	objects = {

/* Begin PBXBuildFile section */
		1A679D531E68ADB80080EFA2 /* Roboto-Light.ttf in Resources */ = {isa = PBXBuildFile; fileRef = 1A679D521E68ADB80080EFA2 /* Roboto-Light.ttf */; };
		1A679D551E68CD540080EFA2 /* expand.png in Resources */ = {isa = PBXBuildFile; fileRef = 1A679D541E68CD540080EFA2 /* expand.png */; };
		1A679D571E68DEB60080EFA2 /* heart.png in Resources */ = {isa = PBXBuildFile; fileRef = 1A679D561E68DEB60080EFA2 /* heart.png */; };
		1A91E0FF1E662AE1001F6F89 /* AppDelegate.swift in Sources */ = {isa = PBXBuildFile; fileRef = 1A91E0FE1E662AE1001F6F89 /* AppDelegate.swift */; };
		1A91E1011E662AE1001F6F89 /* ViewController.swift in Sources */ = {isa = PBXBuildFile; fileRef = 1A91E1001E662AE1001F6F89 /* ViewController.swift */; };
		1A91E1041E662AE1001F6F89 /* Main.storyboard in Resources */ = {isa = PBXBuildFile; fileRef = 1A91E1021E662AE1001F6F89 /* Main.storyboard */; };
		1A91E1061E662AE1001F6F89 /* Assets.xcassets in Resources */ = {isa = PBXBuildFile; fileRef = 1A91E1051E662AE1001F6F89 /* Assets.xcassets */; };
		1A91E1091E662AE1001F6F89 /* LaunchScreen.storyboard in Resources */ = {isa = PBXBuildFile; fileRef = 1A91E1071E662AE1001F6F89 /* LaunchScreen.storyboard */; };
		1A91E1141E662AE1001F6F89 /* Event_BookTests.swift in Sources */ = {isa = PBXBuildFile; fileRef = 1A91E1131E662AE1001F6F89 /* Event_BookTests.swift */; };
		1A91E11F1E662AE1001F6F89 /* Event_BookUITests.swift in Sources */ = {isa = PBXBuildFile; fileRef = 1A91E11E1E662AE1001F6F89 /* Event_BookUITests.swift */; };
		1A91E12D1E662B88001F6F89 /* Roboto-Regular.ttf in Resources */ = {isa = PBXBuildFile; fileRef = 1A91E12C1E662B88001F6F89 /* Roboto-Regular.ttf */; };
		1A91E12F1E662BB5001F6F89 /* GoogleService-Info.plist in Resources */ = {isa = PBXBuildFile; fileRef = 1A91E12E1E662BB5001F6F89 /* GoogleService-Info.plist */; };
		1A91E1311E662C80001F6F89 /* SignupViewController.swift in Sources */ = {isa = PBXBuildFile; fileRef = 1A91E1301E662C80001F6F89 /* SignupViewController.swift */; };
		1A91E1331E662C8D001F6F89 /* CustomView.swift in Sources */ = {isa = PBXBuildFile; fileRef = 1A91E1321E662C8D001F6F89 /* CustomView.swift */; };
		1A91E1351E662C9E001F6F89 /* DetailViewController.swift in Sources */ = {isa = PBXBuildFile; fileRef = 1A91E1341E662C9E001F6F89 /* DetailViewController.swift */; };
		1A91E1371E662CAA001F6F89 /* User.swift in Sources */ = {isa = PBXBuildFile; fileRef = 1A91E1361E662CAA001F6F89 /* User.swift */; };
		1A91E1391E662CB5001F6F89 /* NewPostViewController.swift in Sources */ = {isa = PBXBuildFile; fileRef = 1A91E1381E662CB5001F6F89 /* NewPostViewController.swift */; };
		1A91E13B1E662CBD001F6F89 /* Post.swift in Sources */ = {isa = PBXBuildFile; fileRef = 1A91E13A1E662CBD001F6F89 /* Post.swift */; };
		1A91E13D1E662CC7001F6F89 /* FeedViewController.swift in Sources */ = {isa = PBXBuildFile; fileRef = 1A91E13C1E662CC7001F6F89 /* FeedViewController.swift */; };
		1A91E13F1E662CE0001F6F89 /* PostCollectionViewCell.swift in Sources */ = {isa = PBXBuildFile; fileRef = 1A91E13E1E662CE0001F6F89 /* PostCollectionViewCell.swift */; };
		1A91E1411E662DFA001F6F89 /* CustomTextField.swift in Sources */ = {isa = PBXBuildFile; fileRef = 1A91E1401E662DFA001F6F89 /* CustomTextField.swift */; };
		1AF8AB771E667E59006B0F07 /* default.png in Resources */ = {isa = PBXBuildFile; fileRef = 1AF8AB761E667E59006B0F07 /* default.png */; };
		1AF8AB791E668D27006B0F07 /* MDBSocialsUtils.swift in Sources */ = {isa = PBXBuildFile; fileRef = 1AF8AB781E668D27006B0F07 /* MDBSocialsUtils.swift */; };
		426DE90FCF51AEA7C5093801 /* Pods_Event_BookUITests.framework in Frameworks */ = {isa = PBXBuildFile; fileRef = 499B53E90E0B1F4018D1B93C /* Pods_Event_BookUITests.framework */; };
		7009B133BA6BB480E18960E5 /* Pods_Event_Book.framework in Frameworks */ = {isa = PBXBuildFile; fileRef = AE3D244AA2CA851556930D6E /* Pods_Event_Book.framework */; };
		983A006533402C3B4C91BBB9 /* Pods_Event_BookTests.framework in Frameworks */ = {isa = PBXBuildFile; fileRef = 9B1AAC745B56652663225E43 /* Pods_Event_BookTests.framework */; };
/* End PBXBuildFile section */

/* Begin PBXContainerItemProxy section */
		1A91E1101E662AE1001F6F89 /* PBXContainerItemProxy */ = {
			isa = PBXContainerItemProxy;
			containerPortal = 1A91E0F31E662AE1001F6F89 /* Project object */;
			proxyType = 1;
			remoteGlobalIDString = 1A91E0FA1E662AE1001F6F89;
			remoteInfo = "Event Book";
		};
		1A91E11B1E662AE1001F6F89 /* PBXContainerItemProxy */ = {
			isa = PBXContainerItemProxy;
			containerPortal = 1A91E0F31E662AE1001F6F89 /* Project object */;
			proxyType = 1;
			remoteGlobalIDString = 1A91E0FA1E662AE1001F6F89;
			remoteInfo = "Event Book";
		};
/* End PBXContainerItemProxy section */

/* Begin PBXFileReference section */
		1A679D521E68ADB80080EFA2 /* Roboto-Light.ttf */ = {isa = PBXFileReference; lastKnownFileType = file; path = "Roboto-Light.ttf"; sourceTree = "<group>"; };
		1A679D541E68CD540080EFA2 /* expand.png */ = {isa = PBXFileReference; lastKnownFileType = image.png; path = expand.png; sourceTree = "<group>"; };
		1A679D561E68DEB60080EFA2 /* heart.png */ = {isa = PBXFileReference; lastKnownFileType = image.png; path = heart.png; sourceTree = "<group>"; };
		1A91E0FB1E662AE1001F6F89 /* Event Book.app */ = {isa = PBXFileReference; explicitFileType = wrapper.application; includeInIndex = 0; path = "Event Book.app"; sourceTree = BUILT_PRODUCTS_DIR; };
		1A91E0FE1E662AE1001F6F89 /* AppDelegate.swift */ = {isa = PBXFileReference; lastKnownFileType = sourcecode.swift; path = AppDelegate.swift; sourceTree = "<group>"; };
		1A91E1001E662AE1001F6F89 /* ViewController.swift */ = {isa = PBXFileReference; lastKnownFileType = sourcecode.swift; path = ViewController.swift; sourceTree = "<group>"; };
		1A91E1031E662AE1001F6F89 /* Base */ = {isa = PBXFileReference; lastKnownFileType = file.storyboard; name = Base; path = Base.lproj/Main.storyboard; sourceTree = "<group>"; };
		1A91E1051E662AE1001F6F89 /* Assets.xcassets */ = {isa = PBXFileReference; lastKnownFileType = folder.assetcatalog; path = Assets.xcassets; sourceTree = "<group>"; };
		1A91E1081E662AE1001F6F89 /* Base */ = {isa = PBXFileReference; lastKnownFileType = file.storyboard; name = Base; path = Base.lproj/LaunchScreen.storyboard; sourceTree = "<group>"; };
		1A91E10A1E662AE1001F6F89 /* Info.plist */ = {isa = PBXFileReference; lastKnownFileType = text.plist.xml; path = Info.plist; sourceTree = "<group>"; };
		1A91E10F1E662AE1001F6F89 /* Event BookTests.xctest */ = {isa = PBXFileReference; explicitFileType = wrapper.cfbundle; includeInIndex = 0; path = "Event BookTests.xctest"; sourceTree = BUILT_PRODUCTS_DIR; };
		1A91E1131E662AE1001F6F89 /* Event_BookTests.swift */ = {isa = PBXFileReference; lastKnownFileType = sourcecode.swift; path = Event_BookTests.swift; sourceTree = "<group>"; };
		1A91E1151E662AE1001F6F89 /* Info.plist */ = {isa = PBXFileReference; lastKnownFileType = text.plist.xml; path = Info.plist; sourceTree = "<group>"; };
		1A91E11A1E662AE1001F6F89 /* Event BookUITests.xctest */ = {isa = PBXFileReference; explicitFileType = wrapper.cfbundle; includeInIndex = 0; path = "Event BookUITests.xctest"; sourceTree = BUILT_PRODUCTS_DIR; };
		1A91E11E1E662AE1001F6F89 /* Event_BookUITests.swift */ = {isa = PBXFileReference; lastKnownFileType = sourcecode.swift; path = Event_BookUITests.swift; sourceTree = "<group>"; };
		1A91E1201E662AE1001F6F89 /* Info.plist */ = {isa = PBXFileReference; lastKnownFileType = text.plist.xml; path = Info.plist; sourceTree = "<group>"; };
		1A91E12C1E662B88001F6F89 /* Roboto-Regular.ttf */ = {isa = PBXFileReference; lastKnownFileType = file; path = "Roboto-Regular.ttf"; sourceTree = "<group>"; };
		1A91E12E1E662BB5001F6F89 /* GoogleService-Info.plist */ = {isa = PBXFileReference; fileEncoding = 4; lastKnownFileType = text.plist.xml; path = "GoogleService-Info.plist"; sourceTree = "<group>"; };
		1A91E1301E662C80001F6F89 /* SignupViewController.swift */ = {isa = PBXFileReference; fileEncoding = 4; lastKnownFileType = sourcecode.swift; path = SignupViewController.swift; sourceTree = "<group>"; };
		1A91E1321E662C8D001F6F89 /* CustomView.swift */ = {isa = PBXFileReference; fileEncoding = 4; lastKnownFileType = sourcecode.swift; path = CustomView.swift; sourceTree = "<group>"; };
		1A91E1341E662C9E001F6F89 /* DetailViewController.swift */ = {isa = PBXFileReference; fileEncoding = 4; lastKnownFileType = sourcecode.swift; path = DetailViewController.swift; sourceTree = "<group>"; };
		1A91E1361E662CAA001F6F89 /* User.swift */ = {isa = PBXFileReference; fileEncoding = 4; lastKnownFileType = sourcecode.swift; path = User.swift; sourceTree = "<group>"; };
		1A91E1381E662CB5001F6F89 /* NewPostViewController.swift */ = {isa = PBXFileReference; fileEncoding = 4; lastKnownFileType = sourcecode.swift; path = NewPostViewController.swift; sourceTree = "<group>"; };
		1A91E13A1E662CBD001F6F89 /* Post.swift */ = {isa = PBXFileReference; fileEncoding = 4; lastKnownFileType = sourcecode.swift; path = Post.swift; sourceTree = "<group>"; };
		1A91E13C1E662CC7001F6F89 /* FeedViewController.swift */ = {isa = PBXFileReference; fileEncoding = 4; lastKnownFileType = sourcecode.swift; path = FeedViewController.swift; sourceTree = "<group>"; };
		1A91E13E1E662CE0001F6F89 /* PostCollectionViewCell.swift */ = {isa = PBXFileReference; fileEncoding = 4; lastKnownFileType = sourcecode.swift; path = PostCollectionViewCell.swift; sourceTree = "<group>"; };
		1A91E1401E662DFA001F6F89 /* CustomTextField.swift */ = {isa = PBXFileReference; fileEncoding = 4; lastKnownFileType = sourcecode.swift; path = CustomTextField.swift; sourceTree = "<group>"; };
		1AF8AB761E667E59006B0F07 /* default.png */ = {isa = PBXFileReference; lastKnownFileType = image.png; path = default.png; sourceTree = "<group>"; };
		1AF8AB781E668D27006B0F07 /* MDBSocialsUtils.swift */ = {isa = PBXFileReference; fileEncoding = 4; lastKnownFileType = sourcecode.swift; path = MDBSocialsUtils.swift; sourceTree = "<group>"; };
		4789216EBD829C9DB2B812A0 /* Pods-Event BookUITests.release.xcconfig */ = {isa = PBXFileReference; includeInIndex = 1; lastKnownFileType = text.xcconfig; name = "Pods-Event BookUITests.release.xcconfig"; path = "Pods/Target Support Files/Pods-Event BookUITests/Pods-Event BookUITests.release.xcconfig"; sourceTree = "<group>"; };
		499B53E90E0B1F4018D1B93C /* Pods_Event_BookUITests.framework */ = {isa = PBXFileReference; explicitFileType = wrapper.framework; includeInIndex = 0; path = Pods_Event_BookUITests.framework; sourceTree = BUILT_PRODUCTS_DIR; };
		4A16DCBCD7D778AEBC7881DF /* Pods-Event BookTests.debug.xcconfig */ = {isa = PBXFileReference; includeInIndex = 1; lastKnownFileType = text.xcconfig; name = "Pods-Event BookTests.debug.xcconfig"; path = "Pods/Target Support Files/Pods-Event BookTests/Pods-Event BookTests.debug.xcconfig"; sourceTree = "<group>"; };
		77E0C88D7170B6B8F5BD5D1C /* Pods-Event BookUITests.debug.xcconfig */ = {isa = PBXFileReference; includeInIndex = 1; lastKnownFileType = text.xcconfig; name = "Pods-Event BookUITests.debug.xcconfig"; path = "Pods/Target Support Files/Pods-Event BookUITests/Pods-Event BookUITests.debug.xcconfig"; sourceTree = "<group>"; };
		8AD9F6C262405C2473E9D68F /* Pods-Event Book.release.xcconfig */ = {isa = PBXFileReference; includeInIndex = 1; lastKnownFileType = text.xcconfig; name = "Pods-Event Book.release.xcconfig"; path = "Pods/Target Support Files/Pods-Event Book/Pods-Event Book.release.xcconfig"; sourceTree = "<group>"; };
		8F53A96AF60CA82584931C55 /* Pods-Event BookTests.release.xcconfig */ = {isa = PBXFileReference; includeInIndex = 1; lastKnownFileType = text.xcconfig; name = "Pods-Event BookTests.release.xcconfig"; path = "Pods/Target Support Files/Pods-Event BookTests/Pods-Event BookTests.release.xcconfig"; sourceTree = "<group>"; };
		9B1AAC745B56652663225E43 /* Pods_Event_BookTests.framework */ = {isa = PBXFileReference; explicitFileType = wrapper.framework; includeInIndex = 0; path = Pods_Event_BookTests.framework; sourceTree = BUILT_PRODUCTS_DIR; };
		9CC145C781B881EEBB864E5D /* Pods-Event Book.debug.xcconfig */ = {isa = PBXFileReference; includeInIndex = 1; lastKnownFileType = text.xcconfig; name = "Pods-Event Book.debug.xcconfig"; path = "Pods/Target Support Files/Pods-Event Book/Pods-Event Book.debug.xcconfig"; sourceTree = "<group>"; };
		AE3D244AA2CA851556930D6E /* Pods_Event_Book.framework */ = {isa = PBXFileReference; explicitFileType = wrapper.framework; includeInIndex = 0; path = Pods_Event_Book.framework; sourceTree = BUILT_PRODUCTS_DIR; };
/* End PBXFileReference section */

/* Begin PBXFrameworksBuildPhase section */
		1A91E0F81E662AE1001F6F89 /* Frameworks */ = {
			isa = PBXFrameworksBuildPhase;
			buildActionMask = 2147483647;
			files = (
				7009B133BA6BB480E18960E5 /* Pods_Event_Book.framework in Frameworks */,
			);
			runOnlyForDeploymentPostprocessing = 0;
		};
		1A91E10C1E662AE1001F6F89 /* Frameworks */ = {
			isa = PBXFrameworksBuildPhase;
			buildActionMask = 2147483647;
			files = (
				983A006533402C3B4C91BBB9 /* Pods_Event_BookTests.framework in Frameworks */,
			);
			runOnlyForDeploymentPostprocessing = 0;
		};
		1A91E1171E662AE1001F6F89 /* Frameworks */ = {
			isa = PBXFrameworksBuildPhase;
			buildActionMask = 2147483647;
			files = (
				426DE90FCF51AEA7C5093801 /* Pods_Event_BookUITests.framework in Frameworks */,
			);
			runOnlyForDeploymentPostprocessing = 0;
		};
/* End PBXFrameworksBuildPhase section */

/* Begin PBXGroup section */
		036F0F9F2BB06DD267159D17 /* Frameworks */ = {
			isa = PBXGroup;
			children = (
				AE3D244AA2CA851556930D6E /* Pods_Event_Book.framework */,
				9B1AAC745B56652663225E43 /* Pods_Event_BookTests.framework */,
				499B53E90E0B1F4018D1B93C /* Pods_Event_BookUITests.framework */,
			);
			name = Frameworks;
			sourceTree = "<group>";
		};
		1A91E0F21E662AE1001F6F89 = {
			isa = PBXGroup;
			children = (
				1A91E0FD1E662AE1001F6F89 /* Event Book */,
				1A91E1121E662AE1001F6F89 /* Event BookTests */,
				1A91E11D1E662AE1001F6F89 /* Event BookUITests */,
				1A91E0FC1E662AE1001F6F89 /* Products */,
				B35F63E37E329619B8D9E441 /* Pods */,
				036F0F9F2BB06DD267159D17 /* Frameworks */,
			);
			sourceTree = "<group>";
		};
		1A91E0FC1E662AE1001F6F89 /* Products */ = {
			isa = PBXGroup;
			children = (
				1A91E0FB1E662AE1001F6F89 /* Event Book.app */,
				1A91E10F1E662AE1001F6F89 /* Event BookTests.xctest */,
				1A91E11A1E662AE1001F6F89 /* Event BookUITests.xctest */,
			);
			name = Products;
			sourceTree = "<group>";
		};
		1A91E0FD1E662AE1001F6F89 /* Event Book */ = {
			isa = PBXGroup;
			children = (
				1A91E0FE1E662AE1001F6F89 /* AppDelegate.swift */,
				1A91E1001E662AE1001F6F89 /* ViewController.swift */,
				1A91E1021E662AE1001F6F89 /* Main.storyboard */,
				1A91E1301E662C80001F6F89 /* SignupViewController.swift */,
				1A91E1401E662DFA001F6F89 /* CustomTextField.swift */,
				1AF8AB761E667E59006B0F07 /* default.png */,
				1A91E1321E662C8D001F6F89 /* CustomView.swift */,
				1A91E1341E662C9E001F6F89 /* DetailViewController.swift */,
				1A91E1361E662CAA001F6F89 /* User.swift */,
				1A91E1381E662CB5001F6F89 /* NewPostViewController.swift */,
				1A679D541E68CD540080EFA2 /* expand.png */,
				1AF8AB781E668D27006B0F07 /* MDBSocialsUtils.swift */,
				1A679D561E68DEB60080EFA2 /* heart.png */,
				1A91E13A1E662CBD001F6F89 /* Post.swift */,
				1A91E13C1E662CC7001F6F89 /* FeedViewController.swift */,
				1A91E13E1E662CE0001F6F89 /* PostCollectionViewCell.swift */,
				1A679D521E68ADB80080EFA2 /* Roboto-Light.ttf */,
				1A91E1051E662AE1001F6F89 /* Assets.xcassets */,
				1A91E12C1E662B88001F6F89 /* Roboto-Regular.ttf */,
				1A91E12E1E662BB5001F6F89 /* GoogleService-Info.plist */,
				1A91E1071E662AE1001F6F89 /* LaunchScreen.storyboard */,
				1A91E10A1E662AE1001F6F89 /* Info.plist */,
			);
			path = "Event Book";
			sourceTree = "<group>";
		};
		1A91E1121E662AE1001F6F89 /* Event BookTests */ = {
			isa = PBXGroup;
			children = (
				1A91E1131E662AE1001F6F89 /* Event_BookTests.swift */,
				1A91E1151E662AE1001F6F89 /* Info.plist */,
			);
			path = "Event BookTests";
			sourceTree = "<group>";
		};
		1A91E11D1E662AE1001F6F89 /* Event BookUITests */ = {
			isa = PBXGroup;
			children = (
				1A91E11E1E662AE1001F6F89 /* Event_BookUITests.swift */,
				1A91E1201E662AE1001F6F89 /* Info.plist */,
			);
			path = "Event BookUITests";
			sourceTree = "<group>";
		};
		B35F63E37E329619B8D9E441 /* Pods */ = {
			isa = PBXGroup;
			children = (
				9CC145C781B881EEBB864E5D /* Pods-Event Book.debug.xcconfig */,
				8AD9F6C262405C2473E9D68F /* Pods-Event Book.release.xcconfig */,
				4A16DCBCD7D778AEBC7881DF /* Pods-Event BookTests.debug.xcconfig */,
				8F53A96AF60CA82584931C55 /* Pods-Event BookTests.release.xcconfig */,
				77E0C88D7170B6B8F5BD5D1C /* Pods-Event BookUITests.debug.xcconfig */,
				4789216EBD829C9DB2B812A0 /* Pods-Event BookUITests.release.xcconfig */,
			);
			name = Pods;
			sourceTree = "<group>";
		};
/* End PBXGroup section */

/* Begin PBXNativeTarget section */
		1A91E0FA1E662AE1001F6F89 /* Event Book */ = {
			isa = PBXNativeTarget;
			buildConfigurationList = 1A91E1231E662AE1001F6F89 /* Build configuration list for PBXNativeTarget "Event Book" */;
			buildPhases = (
				E442CF5AB7C0FC4BD0ED8654 /* [CP] Check Pods Manifest.lock */,
				1A91E0F71E662AE1001F6F89 /* Sources */,
				1A91E0F81E662AE1001F6F89 /* Frameworks */,
				1A91E0F91E662AE1001F6F89 /* Resources */,
				6BE3CDA797369DBCC9DAA91A /* [CP] Embed Pods Frameworks */,
				EB5E560C042D191BB0248BB9 /* [CP] Copy Pods Resources */,
			);
			buildRules = (
			);
			dependencies = (
			);
			name = "Event Book";
			productName = "Event Book";
			productReference = 1A91E0FB1E662AE1001F6F89 /* Event Book.app */;
			productType = "com.apple.product-type.application";
		};
		1A91E10E1E662AE1001F6F89 /* Event BookTests */ = {
			isa = PBXNativeTarget;
			buildConfigurationList = 1A91E1261E662AE1001F6F89 /* Build configuration list for PBXNativeTarget "Event BookTests" */;
			buildPhases = (
				B3A1AB2E249E5266400E44A4 /* [CP] Check Pods Manifest.lock */,
				1A91E10B1E662AE1001F6F89 /* Sources */,
				1A91E10C1E662AE1001F6F89 /* Frameworks */,
				1A91E10D1E662AE1001F6F89 /* Resources */,
				3D4900EF8E292555EE50C93B /* [CP] Embed Pods Frameworks */,
				11C9A803DAA22EE15D67FC92 /* [CP] Copy Pods Resources */,
			);
			buildRules = (
			);
			dependencies = (
				1A91E1111E662AE1001F6F89 /* PBXTargetDependency */,
			);
			name = "Event BookTests";
			productName = "Event BookTests";
			productReference = 1A91E10F1E662AE1001F6F89 /* Event BookTests.xctest */;
			productType = "com.apple.product-type.bundle.unit-test";
		};
		1A91E1191E662AE1001F6F89 /* Event BookUITests */ = {
			isa = PBXNativeTarget;
			buildConfigurationList = 1A91E1291E662AE1001F6F89 /* Build configuration list for PBXNativeTarget "Event BookUITests" */;
			buildPhases = (
				ACC9B2DA2B7A6CC5694C218F /* [CP] Check Pods Manifest.lock */,
				1A91E1161E662AE1001F6F89 /* Sources */,
				1A91E1171E662AE1001F6F89 /* Frameworks */,
				1A91E1181E662AE1001F6F89 /* Resources */,
				316062F973DE494C3F524D96 /* [CP] Embed Pods Frameworks */,
				A0E5616DFCF0E97BDDB726F3 /* [CP] Copy Pods Resources */,
			);
			buildRules = (
			);
			dependencies = (
				1A91E11C1E662AE1001F6F89 /* PBXTargetDependency */,
			);
			name = "Event BookUITests";
			productName = "Event BookUITests";
			productReference = 1A91E11A1E662AE1001F6F89 /* Event BookUITests.xctest */;
			productType = "com.apple.product-type.bundle.ui-testing";
		};
/* End PBXNativeTarget section */

/* Begin PBXProject section */
		1A91E0F31E662AE1001F6F89 /* Project object */ = {
			isa = PBXProject;
			attributes = {
				LastSwiftUpdateCheck = 0820;
				LastUpgradeCheck = 0820;
				ORGANIZATIONNAME = "Mark Siano";
				TargetAttributes = {
					1A91E0FA1E662AE1001F6F89 = {
						CreatedOnToolsVersion = 8.2.1;
						ProvisioningStyle = Automatic;
					};
					1A91E10E1E662AE1001F6F89 = {
						CreatedOnToolsVersion = 8.2.1;
						ProvisioningStyle = Automatic;
						TestTargetID = 1A91E0FA1E662AE1001F6F89;
					};
					1A91E1191E662AE1001F6F89 = {
						CreatedOnToolsVersion = 8.2.1;
						ProvisioningStyle = Automatic;
						TestTargetID = 1A91E0FA1E662AE1001F6F89;
					};
				};
			};
			buildConfigurationList = 1A91E0F61E662AE1001F6F89 /* Build configuration list for PBXProject "Event Book" */;
			compatibilityVersion = "Xcode 3.2";
			developmentRegion = English;
			hasScannedForEncodings = 0;
			knownRegions = (
				en,
				Base,
			);
			mainGroup = 1A91E0F21E662AE1001F6F89;
			productRefGroup = 1A91E0FC1E662AE1001F6F89 /* Products */;
			projectDirPath = "";
			projectRoot = "";
			targets = (
				1A91E0FA1E662AE1001F6F89 /* Event Book */,
				1A91E10E1E662AE1001F6F89 /* Event BookTests */,
				1A91E1191E662AE1001F6F89 /* Event BookUITests */,
			);
		};
/* End PBXProject section */

/* Begin PBXResourcesBuildPhase section */
		1A91E0F91E662AE1001F6F89 /* Resources */ = {
			isa = PBXResourcesBuildPhase;
			buildActionMask = 2147483647;
			files = (
				1A91E1091E662AE1001F6F89 /* LaunchScreen.storyboard in Resources */,
				1A679D571E68DEB60080EFA2 /* heart.png in Resources */,
				1A91E1061E662AE1001F6F89 /* Assets.xcassets in Resources */,
				1A91E12F1E662BB5001F6F89 /* GoogleService-Info.plist in Resources */,
				1A91E12D1E662B88001F6F89 /* Roboto-Regular.ttf in Resources */,
				1A679D531E68ADB80080EFA2 /* Roboto-Light.ttf in Resources */,
				1A679D551E68CD540080EFA2 /* expand.png in Resources */,
				1A91E1041E662AE1001F6F89 /* Main.storyboard in Resources */,
				1AF8AB771E667E59006B0F07 /* default.png in Resources */,
			);
			runOnlyForDeploymentPostprocessing = 0;
		};
		1A91E10D1E662AE1001F6F89 /* Resources */ = {
			isa = PBXResourcesBuildPhase;
			buildActionMask = 2147483647;
			files = (
			);
			runOnlyForDeploymentPostprocessing = 0;
		};
		1A91E1181E662AE1001F6F89 /* Resources */ = {
			isa = PBXResourcesBuildPhase;
			buildActionMask = 2147483647;
			files = (
			);
			runOnlyForDeploymentPostprocessing = 0;
		};
/* End PBXResourcesBuildPhase section */

/* Begin PBXShellScriptBuildPhase section */
		11C9A803DAA22EE15D67FC92 /* [CP] Copy Pods Resources */ = {
			isa = PBXShellScriptBuildPhase;
			buildActionMask = 2147483647;
			files = (
			);
			inputPaths = (
			);
			name = "[CP] Copy Pods Resources";
			outputPaths = (
			);
			runOnlyForDeploymentPostprocessing = 0;
			shellPath = /bin/sh;
			shellScript = "\"${SRCROOT}/Pods/Target Support Files/Pods-Event BookTests/Pods-Event BookTests-resources.sh\"\n";
			showEnvVarsInLog = 0;
		};
		316062F973DE494C3F524D96 /* [CP] Embed Pods Frameworks */ = {
			isa = PBXShellScriptBuildPhase;
			buildActionMask = 2147483647;
			files = (
			);
			inputPaths = (
			);
			name = "[CP] Embed Pods Frameworks";
			outputPaths = (
			);
			runOnlyForDeploymentPostprocessing = 0;
			shellPath = /bin/sh;
			shellScript = "\"${SRCROOT}/Pods/Target Support Files/Pods-Event BookUITests/Pods-Event BookUITests-frameworks.sh\"\n";
			showEnvVarsInLog = 0;
		};
		3D4900EF8E292555EE50C93B /* [CP] Embed Pods Frameworks */ = {
			isa = PBXShellScriptBuildPhase;
			buildActionMask = 2147483647;
			files = (
			);
			inputPaths = (
			);
			name = "[CP] Embed Pods Frameworks";
			outputPaths = (
			);
			runOnlyForDeploymentPostprocessing = 0;
			shellPath = /bin/sh;
			shellScript = "\"${SRCROOT}/Pods/Target Support Files/Pods-Event BookTests/Pods-Event BookTests-frameworks.sh\"\n";
			showEnvVarsInLog = 0;
		};
		6BE3CDA797369DBCC9DAA91A /* [CP] Embed Pods Frameworks */ = {
			isa = PBXShellScriptBuildPhase;
			buildActionMask = 2147483647;
			files = (
			);
			inputPaths = (
			);
			name = "[CP] Embed Pods Frameworks";
			outputPaths = (
			);
			runOnlyForDeploymentPostprocessing = 0;
			shellPath = /bin/sh;
			shellScript = "\"${SRCROOT}/Pods/Target Support Files/Pods-Event Book/Pods-Event Book-frameworks.sh\"\n";
			showEnvVarsInLog = 0;
		};
		A0E5616DFCF0E97BDDB726F3 /* [CP] Copy Pods Resources */ = {
			isa = PBXShellScriptBuildPhase;
			buildActionMask = 2147483647;
			files = (
			);
			inputPaths = (
			);
			name = "[CP] Copy Pods Resources";
			outputPaths = (
			);
			runOnlyForDeploymentPostprocessing = 0;
			shellPath = /bin/sh;
			shellScript = "\"${SRCROOT}/Pods/Target Support Files/Pods-Event BookUITests/Pods-Event BookUITests-resources.sh\"\n";
			showEnvVarsInLog = 0;
		};
		ACC9B2DA2B7A6CC5694C218F /* [CP] Check Pods Manifest.lock */ = {
			isa = PBXShellScriptBuildPhase;
			buildActionMask = 2147483647;
			files = (
			);
			inputPaths = (
			);
			name = "[CP] Check Pods Manifest.lock";
			outputPaths = (
			);
			runOnlyForDeploymentPostprocessing = 0;
			shellPath = /bin/sh;
			shellScript = "diff \"${PODS_ROOT}/../Podfile.lock\" \"${PODS_ROOT}/Manifest.lock\" > /dev/null\nif [ $? != 0 ] ; then\n    # print error to STDERR\n    echo \"error: The sandbox is not in sync with the Podfile.lock. Run 'pod install' or update your CocoaPods installation.\" >&2\n    exit 1\nfi\n";
			showEnvVarsInLog = 0;
		};
		B3A1AB2E249E5266400E44A4 /* [CP] Check Pods Manifest.lock */ = {
			isa = PBXShellScriptBuildPhase;
			buildActionMask = 2147483647;
			files = (
			);
			inputPaths = (
			);
			name = "[CP] Check Pods Manifest.lock";
			outputPaths = (
			);
			runOnlyForDeploymentPostprocessing = 0;
			shellPath = /bin/sh;
			shellScript = "diff \"${PODS_ROOT}/../Podfile.lock\" \"${PODS_ROOT}/Manifest.lock\" > /dev/null\nif [ $? != 0 ] ; then\n    # print error to STDERR\n    echo \"error: The sandbox is not in sync with the Podfile.lock. Run 'pod install' or update your CocoaPods installation.\" >&2\n    exit 1\nfi\n";
			showEnvVarsInLog = 0;
		};
		E442CF5AB7C0FC4BD0ED8654 /* [CP] Check Pods Manifest.lock */ = {
			isa = PBXShellScriptBuildPhase;
			buildActionMask = 2147483647;
			files = (
			);
			inputPaths = (
			);
			name = "[CP] Check Pods Manifest.lock";
			outputPaths = (
			);
			runOnlyForDeploymentPostprocessing = 0;
			shellPath = /bin/sh;
			shellScript = "diff \"${PODS_ROOT}/../Podfile.lock\" \"${PODS_ROOT}/Manifest.lock\" > /dev/null\nif [ $? != 0 ] ; then\n    # print error to STDERR\n    echo \"error: The sandbox is not in sync with the Podfile.lock. Run 'pod install' or update your CocoaPods installation.\" >&2\n    exit 1\nfi\n";
			showEnvVarsInLog = 0;
		};
		EB5E560C042D191BB0248BB9 /* [CP] Copy Pods Resources */ = {
			isa = PBXShellScriptBuildPhase;
			buildActionMask = 2147483647;
			files = (
			);
			inputPaths = (
			);
			name = "[CP] Copy Pods Resources";
			outputPaths = (
			);
			runOnlyForDeploymentPostprocessing = 0;
			shellPath = /bin/sh;
			shellScript = "\"${SRCROOT}/Pods/Target Support Files/Pods-Event Book/Pods-Event Book-resources.sh\"\n";
			showEnvVarsInLog = 0;
		};
/* End PBXShellScriptBuildPhase section */

/* Begin PBXSourcesBuildPhase section */
		1A91E0F71E662AE1001F6F89 /* Sources */ = {
			isa = PBXSourcesBuildPhase;
			buildActionMask = 2147483647;
			files = (
				1A91E13F1E662CE0001F6F89 /* PostCollectionViewCell.swift in Sources */,
				1A91E1411E662DFA001F6F89 /* CustomTextField.swift in Sources */,
				1AF8AB791E668D27006B0F07 /* MDBSocialsUtils.swift in Sources */,
				1A91E1311E662C80001F6F89 /* SignupViewController.swift in Sources */,
				1A91E13D1E662CC7001F6F89 /* FeedViewController.swift in Sources */,
				1A91E1331E662C8D001F6F89 /* CustomView.swift in Sources */,
				1A91E1371E662CAA001F6F89 /* User.swift in Sources */,
				1A91E13B1E662CBD001F6F89 /* Post.swift in Sources */,
				1A91E1391E662CB5001F6F89 /* NewPostViewController.swift in Sources */,
				1A91E1351E662C9E001F6F89 /* DetailViewController.swift in Sources */,
				1A91E1011E662AE1001F6F89 /* ViewController.swift in Sources */,
				1A91E0FF1E662AE1001F6F89 /* AppDelegate.swift in Sources */,
			);
			runOnlyForDeploymentPostprocessing = 0;
		};
		1A91E10B1E662AE1001F6F89 /* Sources */ = {
			isa = PBXSourcesBuildPhase;
			buildActionMask = 2147483647;
			files = (
				1A91E1141E662AE1001F6F89 /* Event_BookTests.swift in Sources */,
			);
			runOnlyForDeploymentPostprocessing = 0;
		};
		1A91E1161E662AE1001F6F89 /* Sources */ = {
			isa = PBXSourcesBuildPhase;
			buildActionMask = 2147483647;
			files = (
				1A91E11F1E662AE1001F6F89 /* Event_BookUITests.swift in Sources */,
			);
			runOnlyForDeploymentPostprocessing = 0;
		};
/* End PBXSourcesBuildPhase section */

/* Begin PBXTargetDependency section */
		1A91E1111E662AE1001F6F89 /* PBXTargetDependency */ = {
			isa = PBXTargetDependency;
			target = 1A91E0FA1E662AE1001F6F89 /* Event Book */;
			targetProxy = 1A91E1101E662AE1001F6F89 /* PBXContainerItemProxy */;
		};
		1A91E11C1E662AE1001F6F89 /* PBXTargetDependency */ = {
			isa = PBXTargetDependency;
			target = 1A91E0FA1E662AE1001F6F89 /* Event Book */;
			targetProxy = 1A91E11B1E662AE1001F6F89 /* PBXContainerItemProxy */;
		};
/* End PBXTargetDependency section */

/* Begin PBXVariantGroup section */
		1A91E1021E662AE1001F6F89 /* Main.storyboard */ = {
			isa = PBXVariantGroup;
			children = (
				1A91E1031E662AE1001F6F89 /* Base */,
			);
			name = Main.storyboard;
			sourceTree = "<group>";
		};
		1A91E1071E662AE1001F6F89 /* LaunchScreen.storyboard */ = {
			isa = PBXVariantGroup;
			children = (
				1A91E1081E662AE1001F6F89 /* Base */,
			);
			name = LaunchScreen.storyboard;
			sourceTree = "<group>";
		};
/* End PBXVariantGroup section */

/* Begin XCBuildConfiguration section */
		1A91E1211E662AE1001F6F89 /* Debug */ = {
			isa = XCBuildConfiguration;
			buildSettings = {
				ALWAYS_SEARCH_USER_PATHS = NO;
				CLANG_ANALYZER_NONNULL = YES;
				CLANG_CXX_LANGUAGE_STANDARD = "gnu++0x";
				CLANG_CXX_LIBRARY = "libc++";
				CLANG_ENABLE_MODULES = YES;
				CLANG_ENABLE_OBJC_ARC = YES;
				CLANG_WARN_BOOL_CONVERSION = YES;
				CLANG_WARN_CONSTANT_CONVERSION = YES;
				CLANG_WARN_DIRECT_OBJC_ISA_USAGE = YES_ERROR;
				CLANG_WARN_DOCUMENTATION_COMMENTS = YES;
				CLANG_WARN_EMPTY_BODY = YES;
				CLANG_WARN_ENUM_CONVERSION = YES;
				CLANG_WARN_INFINITE_RECURSION = YES;
				CLANG_WARN_INT_CONVERSION = YES;
				CLANG_WARN_OBJC_ROOT_CLASS = YES_ERROR;
				CLANG_WARN_SUSPICIOUS_MOVE = YES;
				CLANG_WARN_UNREACHABLE_CODE = YES;
				CLANG_WARN__DUPLICATE_METHOD_MATCH = YES;
				"CODE_SIGN_IDENTITY[sdk=iphoneos*]" = "iPhone Developer";
				COPY_PHASE_STRIP = NO;
				DEBUG_INFORMATION_FORMAT = dwarf;
				ENABLE_STRICT_OBJC_MSGSEND = YES;
				ENABLE_TESTABILITY = YES;
				GCC_C_LANGUAGE_STANDARD = gnu99;
				GCC_DYNAMIC_NO_PIC = NO;
				GCC_NO_COMMON_BLOCKS = YES;
				GCC_OPTIMIZATION_LEVEL = 0;
				GCC_PREPROCESSOR_DEFINITIONS = (
					"DEBUG=1",
					"$(inherited)",
				);
				GCC_WARN_64_TO_32_BIT_CONVERSION = YES;
				GCC_WARN_ABOUT_RETURN_TYPE = YES_ERROR;
				GCC_WARN_UNDECLARED_SELECTOR = YES;
				GCC_WARN_UNINITIALIZED_AUTOS = YES_AGGRESSIVE;
				GCC_WARN_UNUSED_FUNCTION = YES;
				GCC_WARN_UNUSED_VARIABLE = YES;
				IPHONEOS_DEPLOYMENT_TARGET = 10.2;
				MTL_ENABLE_DEBUG_INFO = YES;
				ONLY_ACTIVE_ARCH = YES;
				SDKROOT = iphoneos;
				SWIFT_ACTIVE_COMPILATION_CONDITIONS = DEBUG;
				SWIFT_OPTIMIZATION_LEVEL = "-Onone";
				TARGETED_DEVICE_FAMILY = "1,2";
			};
			name = Debug;
		};
		1A91E1221E662AE1001F6F89 /* Release */ = {
			isa = XCBuildConfiguration;
			buildSettings = {
				ALWAYS_SEARCH_USER_PATHS = NO;
				CLANG_ANALYZER_NONNULL = YES;
				CLANG_CXX_LANGUAGE_STANDARD = "gnu++0x";
				CLANG_CXX_LIBRARY = "libc++";
				CLANG_ENABLE_MODULES = YES;
				CLANG_ENABLE_OBJC_ARC = YES;
				CLANG_WARN_BOOL_CONVERSION = YES;
				CLANG_WARN_CONSTANT_CONVERSION = YES;
				CLANG_WARN_DIRECT_OBJC_ISA_USAGE = YES_ERROR;
				CLANG_WARN_DOCUMENTATION_COMMENTS = YES;
				CLANG_WARN_EMPTY_BODY = YES;
				CLANG_WARN_ENUM_CONVERSION = YES;
				CLANG_WARN_INFINITE_RECURSION = YES;
				CLANG_WARN_INT_CONVERSION = YES;
				CLANG_WARN_OBJC_ROOT_CLASS = YES_ERROR;
				CLANG_WARN_SUSPICIOUS_MOVE = YES;
				CLANG_WARN_UNREACHABLE_CODE = YES;
				CLANG_WARN__DUPLICATE_METHOD_MATCH = YES;
				"CODE_SIGN_IDENTITY[sdk=iphoneos*]" = "iPhone Developer";
				COPY_PHASE_STRIP = NO;
				DEBUG_INFORMATION_FORMAT = "dwarf-with-dsym";
				ENABLE_NS_ASSERTIONS = NO;
				ENABLE_STRICT_OBJC_MSGSEND = YES;
				GCC_C_LANGUAGE_STANDARD = gnu99;
				GCC_NO_COMMON_BLOCKS = YES;
				GCC_WARN_64_TO_32_BIT_CONVERSION = YES;
				GCC_WARN_ABOUT_RETURN_TYPE = YES_ERROR;
				GCC_WARN_UNDECLARED_SELECTOR = YES;
				GCC_WARN_UNINITIALIZED_AUTOS = YES_AGGRESSIVE;
				GCC_WARN_UNUSED_FUNCTION = YES;
				GCC_WARN_UNUSED_VARIABLE = YES;
				IPHONEOS_DEPLOYMENT_TARGET = 10.2;
				MTL_ENABLE_DEBUG_INFO = NO;
				SDKROOT = iphoneos;
				SWIFT_OPTIMIZATION_LEVEL = "-Owholemodule";
				TARGETED_DEVICE_FAMILY = "1,2";
				VALIDATE_PRODUCT = YES;
			};
			name = Release;
		};
		1A91E1241E662AE1001F6F89 /* Debug */ = {
			isa = XCBuildConfiguration;
			baseConfigurationReference = 9CC145C781B881EEBB864E5D /* Pods-Event Book.debug.xcconfig */;
			buildSettings = {
				ASSETCATALOG_COMPILER_APPICON_NAME = AppIcon;
				INFOPLIST_FILE = "Event Book/Info.plist";
				LD_RUNPATH_SEARCH_PATHS = "$(inherited) @executable_path/Frameworks";
				PRODUCT_BUNDLE_IDENTIFIER = "marksiano.Event-Book";
				PRODUCT_NAME = "$(TARGET_NAME)";
				SWIFT_VERSION = 3.0;
			};
			name = Debug;
		};
		1A91E1251E662AE1001F6F89 /* Release */ = {
			isa = XCBuildConfiguration;
			baseConfigurationReference = 8AD9F6C262405C2473E9D68F /* Pods-Event Book.release.xcconfig */;
			buildSettings = {
				ASSETCATALOG_COMPILER_APPICON_NAME = AppIcon;
				INFOPLIST_FILE = "Event Book/Info.plist";
				LD_RUNPATH_SEARCH_PATHS = "$(inherited) @executable_path/Frameworks";
				PRODUCT_BUNDLE_IDENTIFIER = "marksiano.Event-Book";
				PRODUCT_NAME = "$(TARGET_NAME)";
				SWIFT_VERSION = 3.0;
			};
			name = Release;
		};
		1A91E1271E662AE1001F6F89 /* Debug */ = {
			isa = XCBuildConfiguration;
			baseConfigurationReference = 4A16DCBCD7D778AEBC7881DF /* Pods-Event BookTests.debug.xcconfig */;
			buildSettings = {
				ALWAYS_EMBED_SWIFT_STANDARD_LIBRARIES = YES;
				BUNDLE_LOADER = "$(TEST_HOST)";
				INFOPLIST_FILE = "Event BookTests/Info.plist";
				LD_RUNPATH_SEARCH_PATHS = "$(inherited) @executable_path/Frameworks @loader_path/Frameworks";
				PRODUCT_BUNDLE_IDENTIFIER = "marksiano.Event-BookTests";
				PRODUCT_NAME = "$(TARGET_NAME)";
				SWIFT_VERSION = 3.0;
				TEST_HOST = "$(BUILT_PRODUCTS_DIR)/Event Book.app/Event Book";
			};
			name = Debug;
		};
		1A91E1281E662AE1001F6F89 /* Release */ = {
			isa = XCBuildConfiguration;
			baseConfigurationReference = 8F53A96AF60CA82584931C55 /* Pods-Event BookTests.release.xcconfig */;
			buildSettings = {
				ALWAYS_EMBED_SWIFT_STANDARD_LIBRARIES = YES;
				BUNDLE_LOADER = "$(TEST_HOST)";
				INFOPLIST_FILE = "Event BookTests/Info.plist";
				LD_RUNPATH_SEARCH_PATHS = "$(inherited) @executable_path/Frameworks @loader_path/Frameworks";
				PRODUCT_BUNDLE_IDENTIFIER = "marksiano.Event-BookTests";
				PRODUCT_NAME = "$(TARGET_NAME)";
				SWIFT_VERSION = 3.0;
				TEST_HOST = "$(BUILT_PRODUCTS_DIR)/Event Book.app/Event Book";
			};
			name = Release;
		};
		1A91E12A1E662AE1001F6F89 /* Debug */ = {
			isa = XCBuildConfiguration;
			baseConfigurationReference = 77E0C88D7170B6B8F5BD5D1C /* Pods-Event BookUITests.debug.xcconfig */;
			buildSettings = {
				ALWAYS_EMBED_SWIFT_STANDARD_LIBRARIES = YES;
				INFOPLIST_FILE = "Event BookUITests/Info.plist";
				LD_RUNPATH_SEARCH_PATHS = "$(inherited) @executable_path/Frameworks @loader_path/Frameworks";
				PRODUCT_BUNDLE_IDENTIFIER = "marksiano.Event-BookUITests";
				PRODUCT_NAME = "$(TARGET_NAME)";
				SWIFT_VERSION = 3.0;
				TEST_TARGET_NAME = "Event Book";
			};
			name = Debug;
		};
		1A91E12B1E662AE1001F6F89 /* Release */ = {
			isa = XCBuildConfiguration;
			baseConfigurationReference = 4789216EBD829C9DB2B812A0 /* Pods-Event BookUITests.release.xcconfig */;
			buildSettings = {
				ALWAYS_EMBED_SWIFT_STANDARD_LIBRARIES = YES;
				INFOPLIST_FILE = "Event BookUITests/Info.plist";
				LD_RUNPATH_SEARCH_PATHS = "$(inherited) @executable_path/Frameworks @loader_path/Frameworks";
				PRODUCT_BUNDLE_IDENTIFIER = "marksiano.Event-BookUITests";
				PRODUCT_NAME = "$(TARGET_NAME)";
				SWIFT_VERSION = 3.0;
				TEST_TARGET_NAME = "Event Book";
			};
			name = Release;
		};
/* End XCBuildConfiguration section */

/* Begin XCConfigurationList section */
		1A91E0F61E662AE1001F6F89 /* Build configuration list for PBXProject "Event Book" */ = {
			isa = XCConfigurationList;
			buildConfigurations = (
				1A91E1211E662AE1001F6F89 /* Debug */,
				1A91E1221E662AE1001F6F89 /* Release */,
			);
			defaultConfigurationIsVisible = 0;
			defaultConfigurationName = Release;
		};
		1A91E1231E662AE1001F6F89 /* Build configuration list for PBXNativeTarget "Event Book" */ = {
			isa = XCConfigurationList;
			buildConfigurations = (
				1A91E1241E662AE1001F6F89 /* Debug */,
				1A91E1251E662AE1001F6F89 /* Release */,
			);
			defaultConfigurationIsVisible = 0;
			defaultConfigurationName = Release;
		};
		1A91E1261E662AE1001F6F89 /* Build configuration list for PBXNativeTarget "Event BookTests" */ = {
			isa = XCConfigurationList;
			buildConfigurations = (
				1A91E1271E662AE1001F6F89 /* Debug */,
				1A91E1281E662AE1001F6F89 /* Release */,
			);
			defaultConfigurationIsVisible = 0;
			defaultConfigurationName = Release;
		};
		1A91E1291E662AE1001F6F89 /* Build configuration list for PBXNativeTarget "Event BookUITests" */ = {
			isa = XCConfigurationList;
			buildConfigurations = (
				1A91E12A1E662AE1001F6F89 /* Debug */,
				1A91E12B1E662AE1001F6F89 /* Release */,
			);
			defaultConfigurationIsVisible = 0;
			defaultConfigurationName = Release;
		};
/* End XCConfigurationList section */
	};
	rootObject = 1A91E0F31E662AE1001F6F89 /* Project object */;
}
